// !$*UTF8*$!
{
	archiveVersion = 1;
	classes = {
	};
	objectVersion = 55;
	objects = {

/* Begin PBXBuildFile section */
		2005022227B883920042B5FC /* AuxNivelador.swift in Sources */ = {isa = PBXBuildFile; fileRef = 2005022127B883920042B5FC /* AuxNivelador.swift */; };
		2005022527B99EF00042B5FC /* WelcomeScreen.swift in Sources */ = {isa = PBXBuildFile; fileRef = 2005022427B99EF00042B5FC /* WelcomeScreen.swift */; };
		2005022A27B9A76E0042B5FC /* Model.swift in Sources */ = {isa = PBXBuildFile; fileRef = 2005022927B9A76E0042B5FC /* Model.swift */; };
		2005022C27B9A7800042B5FC /* ViewModel.swift in Sources */ = {isa = PBXBuildFile; fileRef = 2005022B27B9A7800042B5FC /* ViewModel.swift */; };
		2038872027D9898300AE9121 /* PantallaPerfilEdit.swift in Sources */ = {isa = PBXBuildFile; fileRef = 2038871F27D9898300AE9121 /* PantallaPerfilEdit.swift */; };
		204C016E27B5F13D0066CCAF /* GameStreamApp.swift in Sources */ = {isa = PBXBuildFile; fileRef = 204C016D27B5F13D0066CCAF /* GameStreamApp.swift */; };
		204C017027B5F13D0066CCAF /* ContentView.swift in Sources */ = {isa = PBXBuildFile; fileRef = 204C016F27B5F13D0066CCAF /* ContentView.swift */; };
		204C017227B5F13D0066CCAF /* Assets.xcassets in Resources */ = {isa = PBXBuildFile; fileRef = 204C017127B5F13D0066CCAF /* Assets.xcassets */; };
		204C017527B5F13D0066CCAF /* Preview Assets.xcassets in Resources */ = {isa = PBXBuildFile; fileRef = 204C017427B5F13D0066CCAF /* Preview Assets.xcassets */; };
		2060C77427BEA8BE000BF61B /* SerachGame.swift in Sources */ = {isa = PBXBuildFile; fileRef = 2060C77327BEA8BE000BF61B /* SerachGame.swift */; };
		209CE07B27B839F10058D70A /* InicioSesionView.swift in Sources */ = {isa = PBXBuildFile; fileRef = 209CE07A27B839F10058D70A /* InicioSesionView.swift */; };
		209CE07D27B839F90058D70A /* RegistroView.swift in Sources */ = {isa = PBXBuildFile; fileRef = 209CE07C27B839F90058D70A /* RegistroView.swift */; };
		209CE08027B83D040058D70A /* MenuTabView.swift in Sources */ = {isa = PBXBuildFile; fileRef = 209CE07F27B83D040058D70A /* MenuTabView.swift */; };
		209CE08727B84A700058D70A /* PantallaInicio.swift in Sources */ = {isa = PBXBuildFile; fileRef = 209CE08627B84A700058D70A /* PantallaInicio.swift */; };
		209CE08927B84B670058D70A /* PantallaPerfil.swift in Sources */ = {isa = PBXBuildFile; fileRef = 209CE08827B84B670058D70A /* PantallaPerfil.swift */; };
		209CE08B27B84B750058D70A /* PantallaJuegos.swift in Sources */ = {isa = PBXBuildFile; fileRef = 209CE08A27B84B750058D70A /* PantallaJuegos.swift */; };
		209CE08D27B84B800058D70A /* PantallaFavoritos.swift in Sources */ = {isa = PBXBuildFile; fileRef = 209CE08C27B84B800058D70A /* PantallaFavoritos.swift */; };
		20B642D327B9D61500A02CB0 /* PantallaViewJuego.swift in Sources */ = {isa = PBXBuildFile; fileRef = 20B642D227B9D61500A02CB0 /* PantallaViewJuego.swift */; };
		20B642D527B9DBD500A02CB0 /* StructGameView.swift in Sources */ = {isa = PBXBuildFile; fileRef = 20B642D427B9DBD500A02CB0 /* StructGameView.swift */; };
		20EBE18127B9BA24000C9CEC /* PantallaReproductor.swift in Sources */ = {isa = PBXBuildFile; fileRef = 20EBE18027B9BA24000C9CEC /* PantallaReproductor.swift */; };
		20EBE18427B9C36D000C9CEC /* Kingfisher in Frameworks */ = {isa = PBXBuildFile; productRef = 20EBE18327B9C36D000C9CEC /* Kingfisher */; };
/* End PBXBuildFile section */

/* Begin PBXFileReference section */
		2005022127B883920042B5FC /* AuxNivelador.swift */ = {isa = PBXFileReference; lastKnownFileType = sourcecode.swift; path = AuxNivelador.swift; sourceTree = "<group>"; };
		2005022427B99EF00042B5FC /* WelcomeScreen.swift */ = {isa = PBXFileReference; lastKnownFileType = sourcecode.swift; path = WelcomeScreen.swift; sourceTree = "<group>"; };
		2005022927B9A76E0042B5FC /* Model.swift */ = {isa = PBXFileReference; lastKnownFileType = sourcecode.swift; path = Model.swift; sourceTree = "<group>"; };
		2005022B27B9A7800042B5FC /* ViewModel.swift */ = {isa = PBXFileReference; lastKnownFileType = sourcecode.swift; path = ViewModel.swift; sourceTree = "<group>"; };
		2038871F27D9898300AE9121 /* PantallaPerfilEdit.swift */ = {isa = PBXFileReference; lastKnownFileType = sourcecode.swift; path = PantallaPerfilEdit.swift; sourceTree = "<group>"; };
		204C016A27B5F13D0066CCAF /* GameStream.app */ = {isa = PBXFileReference; explicitFileType = wrapper.application; includeInIndex = 0; path = GameStream.app; sourceTree = BUILT_PRODUCTS_DIR; };
		204C016D27B5F13D0066CCAF /* GameStreamApp.swift */ = {isa = PBXFileReference; lastKnownFileType = sourcecode.swift; path = GameStreamApp.swift; sourceTree = "<group>"; };
		204C016F27B5F13D0066CCAF /* ContentView.swift */ = {isa = PBXFileReference; lastKnownFileType = sourcecode.swift; path = ContentView.swift; sourceTree = "<group>"; };
		204C017127B5F13D0066CCAF /* Assets.xcassets */ = {isa = PBXFileReference; lastKnownFileType = folder.assetcatalog; path = Assets.xcassets; sourceTree = "<group>"; };
		204C017427B5F13D0066CCAF /* Preview Assets.xcassets */ = {isa = PBXFileReference; lastKnownFileType = folder.assetcatalog; path = "Preview Assets.xcassets"; sourceTree = "<group>"; };
		2060C77327BEA8BE000BF61B /* SerachGame.swift */ = {isa = PBXFileReference; lastKnownFileType = sourcecode.swift; path = SerachGame.swift; sourceTree = "<group>"; };
		209CE07A27B839F10058D70A /* InicioSesionView.swift */ = {isa = PBXFileReference; lastKnownFileType = sourcecode.swift; path = InicioSesionView.swift; sourceTree = "<group>"; };
		209CE07C27B839F90058D70A /* RegistroView.swift */ = {isa = PBXFileReference; lastKnownFileType = sourcecode.swift; path = RegistroView.swift; sourceTree = "<group>"; };
		209CE07F27B83D040058D70A /* MenuTabView.swift */ = {isa = PBXFileReference; lastKnownFileType = sourcecode.swift; path = MenuTabView.swift; sourceTree = "<group>"; };
		209CE08627B84A700058D70A /* PantallaInicio.swift */ = {isa = PBXFileReference; lastKnownFileType = sourcecode.swift; path = PantallaInicio.swift; sourceTree = "<group>"; };
		209CE08827B84B670058D70A /* PantallaPerfil.swift */ = {isa = PBXFileReference; lastKnownFileType = sourcecode.swift; path = PantallaPerfil.swift; sourceTree = "<group>"; };
		209CE08A27B84B750058D70A /* PantallaJuegos.swift */ = {isa = PBXFileReference; lastKnownFileType = sourcecode.swift; path = PantallaJuegos.swift; sourceTree = "<group>"; };
		209CE08C27B84B800058D70A /* PantallaFavoritos.swift */ = {isa = PBXFileReference; lastKnownFileType = sourcecode.swift; path = PantallaFavoritos.swift; sourceTree = "<group>"; };
		20B642D227B9D61500A02CB0 /* PantallaViewJuego.swift */ = {isa = PBXFileReference; lastKnownFileType = sourcecode.swift; path = PantallaViewJuego.swift; sourceTree = "<group>"; };
		20B642D427B9DBD500A02CB0 /* StructGameView.swift */ = {isa = PBXFileReference; lastKnownFileType = sourcecode.swift; path = StructGameView.swift; sourceTree = "<group>"; };
		20B642D627BB421500A02CB0 /* Info.plist */ = {isa = PBXFileReference; lastKnownFileType = text.plist; path = Info.plist; sourceTree = "<group>"; };
		20EBE18027B9BA24000C9CEC /* PantallaReproductor.swift */ = {isa = PBXFileReference; lastKnownFileType = sourcecode.swift; path = PantallaReproductor.swift; sourceTree = "<group>"; };
/* End PBXFileReference section */

/* Begin PBXFrameworksBuildPhase section */
		204C016727B5F13D0066CCAF /* Frameworks */ = {
			isa = PBXFrameworksBuildPhase;
			buildActionMask = 2147483647;
			files = (
				20EBE18427B9C36D000C9CEC /* Kingfisher in Frameworks */,
			);
			runOnlyForDeploymentPostprocessing = 0;
		};
/* End PBXFrameworksBuildPhase section */

/* Begin PBXGroup section */
		2005022627B9A6D00042B5FC /* Vistas */ = {
			isa = PBXGroup;
			children = (
				20B642D127B9D5D000A02CB0 /* Componentes */,
				204C016F27B5F13D0066CCAF /* ContentView.swift */,
				209CE07F27B83D040058D70A /* MenuTabView.swift */,
				209CE07E27B83A740058D70A /* AppEntry */,
				209CE08327B84A530058D70A /* PantallasPrincipales */,
			);
			path = Vistas;
			sourceTree = "<group>";
		};
		2005022727B9A72A0042B5FC /* Modelos */ = {
			isa = PBXGroup;
			children = (
				2005022927B9A76E0042B5FC /* Model.swift */,
				20B642D427B9DBD500A02CB0 /* StructGameView.swift */,
			);
			path = Modelos;
			sourceTree = "<group>";
		};
		2005022827B9A73A0042B5FC /* VistaModelos */ = {
			isa = PBXGroup;
			children = (
				2005022B27B9A7800042B5FC /* ViewModel.swift */,
				2060C77327BEA8BE000BF61B /* SerachGame.swift */,
			);
			path = VistaModelos;
			sourceTree = "<group>";
		};
		204C016127B5F13D0066CCAF = {
			isa = PBXGroup;
			children = (
				204C016C27B5F13D0066CCAF /* GameStream */,
				204C016B27B5F13D0066CCAF /* Products */,
			);
			sourceTree = "<group>";
		};
		204C016B27B5F13D0066CCAF /* Products */ = {
			isa = PBXGroup;
			children = (
				204C016A27B5F13D0066CCAF /* GameStream.app */,
			);
			name = Products;
			sourceTree = "<group>";
		};
		204C016C27B5F13D0066CCAF /* GameStream */ = {
			isa = PBXGroup;
			children = (
				20B642D627BB421500A02CB0 /* Info.plist */,
				2005022827B9A73A0042B5FC /* VistaModelos */,
				2005022727B9A72A0042B5FC /* Modelos */,
				2005022627B9A6D00042B5FC /* Vistas */,
				204C016D27B5F13D0066CCAF /* GameStreamApp.swift */,
				204C017127B5F13D0066CCAF /* Assets.xcassets */,
				204C017327B5F13D0066CCAF /* Preview Content */,
			);
			path = GameStream;
			sourceTree = "<group>";
		};
		204C017327B5F13D0066CCAF /* Preview Content */ = {
			isa = PBXGroup;
			children = (
				204C017427B5F13D0066CCAF /* Preview Assets.xcassets */,
			);
			path = "Preview Content";
			sourceTree = "<group>";
		};
		209CE07E27B83A740058D70A /* AppEntry */ = {
			isa = PBXGroup;
			children = (
				209CE07A27B839F10058D70A /* InicioSesionView.swift */,
				209CE07C27B839F90058D70A /* RegistroView.swift */,
				2005022427B99EF00042B5FC /* WelcomeScreen.swift */,
			);
			path = AppEntry;
			sourceTree = "<group>";
		};
		209CE08327B84A530058D70A /* PantallasPrincipales */ = {
			isa = PBXGroup;
			children = (
				209CE08627B84A700058D70A /* PantallaInicio.swift */,
				209CE08827B84B670058D70A /* PantallaPerfil.swift */,
				209CE08A27B84B750058D70A /* PantallaJuegos.swift */,
				209CE08C27B84B800058D70A /* PantallaFavoritos.swift */,
				20B642D227B9D61500A02CB0 /* PantallaViewJuego.swift */,
				2038871F27D9898300AE9121 /* PantallaPerfilEdit.swift */,
			);
			path = PantallasPrincipales;
			sourceTree = "<group>";
		};
		20B642D127B9D5D000A02CB0 /* Componentes */ = {
			isa = PBXGroup;
			children = (
				20EBE18027B9BA24000C9CEC /* PantallaReproductor.swift */,
				2005022127B883920042B5FC /* AuxNivelador.swift */,
			);
			path = Componentes;
			sourceTree = "<group>";
		};
/* End PBXGroup section */

/* Begin PBXNativeTarget section */
		204C016927B5F13D0066CCAF /* GameStream */ = {
			isa = PBXNativeTarget;
			buildConfigurationList = 204C017827B5F13D0066CCAF /* Build configuration list for PBXNativeTarget "GameStream" */;
			buildPhases = (
				204C016627B5F13D0066CCAF /* Sources */,
				204C016727B5F13D0066CCAF /* Frameworks */,
				204C016827B5F13D0066CCAF /* Resources */,
			);
			buildRules = (
			);
			dependencies = (
			);
			name = GameStream;
			packageProductDependencies = (
				20EBE18327B9C36D000C9CEC /* Kingfisher */,
			);
			productName = GameStream;
			productReference = 204C016A27B5F13D0066CCAF /* GameStream.app */;
			productType = "com.apple.product-type.application";
		};
/* End PBXNativeTarget section */

/* Begin PBXProject section */
		204C016227B5F13D0066CCAF /* Project object */ = {
			isa = PBXProject;
			attributes = {
				BuildIndependentTargetsInParallel = 1;
				LastSwiftUpdateCheck = 1320;
				LastUpgradeCheck = 1320;
				TargetAttributes = {
					204C016927B5F13D0066CCAF = {
						CreatedOnToolsVersion = 13.2.1;
					};
				};
			};
			buildConfigurationList = 204C016527B5F13D0066CCAF /* Build configuration list for PBXProject "GameStream" */;
			compatibilityVersion = "Xcode 13.0";
			developmentRegion = en;
			hasScannedForEncodings = 0;
			knownRegions = (
				en,
				Base,
			);
			mainGroup = 204C016127B5F13D0066CCAF;
			packageReferences = (
				20EBE18227B9C36D000C9CEC /* XCRemoteSwiftPackageReference "Kingfisher" */,
			);
			productRefGroup = 204C016B27B5F13D0066CCAF /* Products */;
			projectDirPath = "";
			projectRoot = "";
			targets = (
				204C016927B5F13D0066CCAF /* GameStream */,
			);
		};
/* End PBXProject section */

/* Begin PBXResourcesBuildPhase section */
		204C016827B5F13D0066CCAF /* Resources */ = {
			isa = PBXResourcesBuildPhase;
			buildActionMask = 2147483647;
			files = (
				204C017527B5F13D0066CCAF /* Preview Assets.xcassets in Resources */,
				204C017227B5F13D0066CCAF /* Assets.xcassets in Resources */,
			);
			runOnlyForDeploymentPostprocessing = 0;
		};
/* End PBXResourcesBuildPhase section */

/* Begin PBXSourcesBuildPhase section */
		204C016627B5F13D0066CCAF /* Sources */ = {
			isa = PBXSourcesBuildPhase;
			buildActionMask = 2147483647;
			files = (
				209CE07D27B839F90058D70A /* RegistroView.swift in Sources */,
				209CE08B27B84B750058D70A /* PantallaJuegos.swift in Sources */,
				2038872027D9898300AE9121 /* PantallaPerfilEdit.swift in Sources */,
				209CE08727B84A700058D70A /* PantallaInicio.swift in Sources */,
				2005022A27B9A76E0042B5FC /* Model.swift in Sources */,
				2005022227B883920042B5FC /* AuxNivelador.swift in Sources */,
				209CE07B27B839F10058D70A /* InicioSesionView.swift in Sources */,
				2005022C27B9A7800042B5FC /* ViewModel.swift in Sources */,
				209CE08027B83D040058D70A /* MenuTabView.swift in Sources */,
				209CE08927B84B670058D70A /* PantallaPerfil.swift in Sources */,
				20B642D527B9DBD500A02CB0 /* StructGameView.swift in Sources */,
				2005022527B99EF00042B5FC /* WelcomeScreen.swift in Sources */,
				204C017027B5F13D0066CCAF /* ContentView.swift in Sources */,
				20B642D327B9D61500A02CB0 /* PantallaViewJuego.swift in Sources */,
				204C016E27B5F13D0066CCAF /* GameStreamApp.swift in Sources */,
				20EBE18127B9BA24000C9CEC /* PantallaReproductor.swift in Sources */,
				2060C77427BEA8BE000BF61B /* SerachGame.swift in Sources */,
				209CE08D27B84B800058D70A /* PantallaFavoritos.swift in Sources */,
			);
			runOnlyForDeploymentPostprocessing = 0;
		};
/* End PBXSourcesBuildPhase section */

/* Begin XCBuildConfiguration section */
		204C017627B5F13D0066CCAF /* Debug */ = {
			isa = XCBuildConfiguration;
			buildSettings = {
				ALWAYS_SEARCH_USER_PATHS = NO;
				CLANG_ANALYZER_NONNULL = YES;
				CLANG_ANALYZER_NUMBER_OBJECT_CONVERSION = YES_AGGRESSIVE;
				CLANG_CXX_LANGUAGE_STANDARD = "gnu++17";
				CLANG_CXX_LIBRARY = "libc++";
				CLANG_ENABLE_MODULES = YES;
				CLANG_ENABLE_OBJC_ARC = YES;
				CLANG_ENABLE_OBJC_WEAK = YES;
				CLANG_WARN_BLOCK_CAPTURE_AUTORELEASING = YES;
				CLANG_WARN_BOOL_CONVERSION = YES;
				CLANG_WARN_COMMA = YES;
				CLANG_WARN_CONSTANT_CONVERSION = YES;
				CLANG_WARN_DEPRECATED_OBJC_IMPLEMENTATIONS = YES;
				CLANG_WARN_DIRECT_OBJC_ISA_USAGE = YES_ERROR;
				CLANG_WARN_DOCUMENTATION_COMMENTS = YES;
				CLANG_WARN_EMPTY_BODY = YES;
				CLANG_WARN_ENUM_CONVERSION = YES;
				CLANG_WARN_INFINITE_RECURSION = YES;
				CLANG_WARN_INT_CONVERSION = YES;
				CLANG_WARN_NON_LITERAL_NULL_CONVERSION = YES;
				CLANG_WARN_OBJC_IMPLICIT_RETAIN_SELF = YES;
				CLANG_WARN_OBJC_LITERAL_CONVERSION = YES;
				CLANG_WARN_OBJC_ROOT_CLASS = YES_ERROR;
				CLANG_WARN_QUOTED_INCLUDE_IN_FRAMEWORK_HEADER = YES;
				CLANG_WARN_RANGE_LOOP_ANALYSIS = YES;
				CLANG_WARN_STRICT_PROTOTYPES = YES;
				CLANG_WARN_SUSPICIOUS_MOVE = YES;
				CLANG_WARN_UNGUARDED_AVAILABILITY = YES_AGGRESSIVE;
				CLANG_WARN_UNREACHABLE_CODE = YES;
				CLANG_WARN__DUPLICATE_METHOD_MATCH = YES;
				COPY_PHASE_STRIP = NO;
				DEBUG_INFORMATION_FORMAT = dwarf;
				ENABLE_STRICT_OBJC_MSGSEND = YES;
				ENABLE_TESTABILITY = YES;
				GCC_C_LANGUAGE_STANDARD = gnu11;
				GCC_DYNAMIC_NO_PIC = NO;
				GCC_NO_COMMON_BLOCKS = YES;
				GCC_OPTIMIZATION_LEVEL = 0;
				GCC_PREPROCESSOR_DEFINITIONS = (
					"DEBUG=1",
					"$(inherited)",
				);
				GCC_WARN_64_TO_32_BIT_CONVERSION = YES;
				GCC_WARN_ABOUT_RETURN_TYPE = YES_ERROR;
				GCC_WARN_UNDECLARED_SELECTOR = YES;
				GCC_WARN_UNINITIALIZED_AUTOS = YES_AGGRESSIVE;
				GCC_WARN_UNUSED_FUNCTION = YES;
				GCC_WARN_UNUSED_VARIABLE = YES;
				IPHONEOS_DEPLOYMENT_TARGET = 15.2;
				MTL_ENABLE_DEBUG_INFO = INCLUDE_SOURCE;
				MTL_FAST_MATH = YES;
				ONLY_ACTIVE_ARCH = YES;
				SDKROOT = iphoneos;
				SWIFT_ACTIVE_COMPILATION_CONDITIONS = DEBUG;
				SWIFT_OPTIMIZATION_LEVEL = "-Onone";
			};
			name = Debug;
		};
		204C017727B5F13D0066CCAF /* Release */ = {
			isa = XCBuildConfiguration;
			buildSettings = {
				ALWAYS_SEARCH_USER_PATHS = NO;
				CLANG_ANALYZER_NONNULL = YES;
				CLANG_ANALYZER_NUMBER_OBJECT_CONVERSION = YES_AGGRESSIVE;
				CLANG_CXX_LANGUAGE_STANDARD = "gnu++17";
				CLANG_CXX_LIBRARY = "libc++";
				CLANG_ENABLE_MODULES = YES;
				CLANG_ENABLE_OBJC_ARC = YES;
				CLANG_ENABLE_OBJC_WEAK = YES;
				CLANG_WARN_BLOCK_CAPTURE_AUTORELEASING = YES;
				CLANG_WARN_BOOL_CONVERSION = YES;
				CLANG_WARN_COMMA = YES;
				CLANG_WARN_CONSTANT_CONVERSION = YES;
				CLANG_WARN_DEPRECATED_OBJC_IMPLEMENTATIONS = YES;
				CLANG_WARN_DIRECT_OBJC_ISA_USAGE = YES_ERROR;
				CLANG_WARN_DOCUMENTATION_COMMENTS = YES;
				CLANG_WARN_EMPTY_BODY = YES;
				CLANG_WARN_ENUM_CONVERSION = YES;
				CLANG_WARN_INFINITE_RECURSION = YES;
				CLANG_WARN_INT_CONVERSION = YES;
				CLANG_WARN_NON_LITERAL_NULL_CONVERSION = YES;
				CLANG_WARN_OBJC_IMPLICIT_RETAIN_SELF = YES;
				CLANG_WARN_OBJC_LITERAL_CONVERSION = YES;
				CLANG_WARN_OBJC_ROOT_CLASS = YES_ERROR;
				CLANG_WARN_QUOTED_INCLUDE_IN_FRAMEWORK_HEADER = YES;
				CLANG_WARN_RANGE_LOOP_ANALYSIS = YES;
				CLANG_WARN_STRICT_PROTOTYPES = YES;
				CLANG_WARN_SUSPICIOUS_MOVE = YES;
				CLANG_WARN_UNGUARDED_AVAILABILITY = YES_AGGRESSIVE;
				CLANG_WARN_UNREACHABLE_CODE = YES;
				CLANG_WARN__DUPLICATE_METHOD_MATCH = YES;
				COPY_PHASE_STRIP = NO;
				DEBUG_INFORMATION_FORMAT = "dwarf-with-dsym";
				ENABLE_NS_ASSERTIONS = NO;
				ENABLE_STRICT_OBJC_MSGSEND = YES;
				GCC_C_LANGUAGE_STANDARD = gnu11;
				GCC_NO_COMMON_BLOCKS = YES;
				GCC_WARN_64_TO_32_BIT_CONVERSION = YES;
				GCC_WARN_ABOUT_RETURN_TYPE = YES_ERROR;
				GCC_WARN_UNDECLARED_SELECTOR = YES;
				GCC_WARN_UNINITIALIZED_AUTOS = YES_AGGRESSIVE;
				GCC_WARN_UNUSED_FUNCTION = YES;
				GCC_WARN_UNUSED_VARIABLE = YES;
				IPHONEOS_DEPLOYMENT_TARGET = 15.2;
				MTL_ENABLE_DEBUG_INFO = NO;
				MTL_FAST_MATH = YES;
				SDKROOT = iphoneos;
				SWIFT_COMPILATION_MODE = wholemodule;
				SWIFT_OPTIMIZATION_LEVEL = "-O";
				VALIDATE_PRODUCT = YES;
			};
			name = Release;
		};
		204C017927B5F13D0066CCAF /* Debug */ = {
			isa = XCBuildConfiguration;
			buildSettings = {
				ASSETCATALOG_COMPILER_APPICON_NAME = AppIcon;
				ASSETCATALOG_COMPILER_GLOBAL_ACCENT_COLOR_NAME = AccentColor;
				CODE_SIGN_STYLE = Automatic;
				CURRENT_PROJECT_VERSION = 1;
				DEVELOPMENT_ASSET_PATHS = "\"GameStream/Preview Content\"";
				DEVELOPMENT_TEAM = 5Z53LMM5TS;
				ENABLE_PREVIEWS = YES;
				GENERATE_INFOPLIST_FILE = YES;
				INFOPLIST_FILE = GameStream/Info.plist;
				INFOPLIST_KEY_UIApplicationSceneManifest_Generation = YES;
				INFOPLIST_KEY_UIApplicationSupportsIndirectInputEvents = YES;
				INFOPLIST_KEY_UILaunchScreen_Generation = YES;
				INFOPLIST_KEY_UIRequiresFullScreen = NO;
				INFOPLIST_KEY_UIStatusBarHidden = NO;
				INFOPLIST_KEY_UISupportedInterfaceOrientations = UIInterfaceOrientationPortrait;
				INFOPLIST_KEY_UISupportedInterfaceOrientations_iPad = "UIInterfaceOrientationPortrait UIInterfaceOrientationPortraitUpsideDown UIInterfaceOrientationLandscapeLeft UIInterfaceOrientationLandscapeRight";
				INFOPLIST_KEY_UISupportedInterfaceOrientations_iPhone = UIInterfaceOrientationPortrait;
				LD_RUNPATH_SEARCH_PATHS = (
					"$(inherited)",
					"@executable_path/Frameworks",
				);
				MARKETING_VERSION = 1.0;
				PRODUCT_BUNDLE_IDENTIFIER = com.joasegovia9427.GameStream;
				PRODUCT_NAME = "$(TARGET_NAME)";
				SWIFT_EMIT_LOC_STRINGS = YES;
				SWIFT_VERSION = 5.0;
				TARGETED_DEVICE_FAMILY = "1,2";
			};
			name = Debug;
		};
		204C017A27B5F13D0066CCAF /* Release */ = {
			isa = XCBuildConfiguration;
			buildSettings = {
				ASSETCATALOG_COMPILER_APPICON_NAME = AppIcon;
				ASSETCATALOG_COMPILER_GLOBAL_ACCENT_COLOR_NAME = AccentColor;
				CODE_SIGN_STYLE = Automatic;
				CURRENT_PROJECT_VERSION = 1;
				DEVELOPMENT_ASSET_PATHS = "\"GameStream/Preview Content\"";
				DEVELOPMENT_TEAM = 5Z53LMM5TS;
				ENABLE_PREVIEWS = YES;
				GENERATE_INFOPLIST_FILE = YES;
				INFOPLIST_FILE = GameStream/Info.plist;
				INFOPLIST_KEY_UIApplicationSceneManifest_Generation = YES;
				INFOPLIST_KEY_UIApplicationSupportsIndirectInputEvents = YES;
				INFOPLIST_KEY_UILaunchScreen_Generation = YES;
				INFOPLIST_KEY_UIRequiresFullScreen = NO;
				INFOPLIST_KEY_UIStatusBarHidden = NO;
				INFOPLIST_KEY_UISupportedInterfaceOrientations = UIInterfaceOrientationPortrait;
				INFOPLIST_KEY_UISupportedInterfaceOrientations_iPad = "UIInterfaceOrientationPortrait UIInterfaceOrientationPortraitUpsideDown UIInterfaceOrientationLandscapeLeft UIInterfaceOrientationLandscapeRight";
				INFOPLIST_KEY_UISupportedInterfaceOrientations_iPhone = UIInterfaceOrientationPortrait;
				LD_RUNPATH_SEARCH_PATHS = (
					"$(inherited)",
					"@executable_path/Frameworks",
				);
				MARKETING_VERSION = 1.0;
				PRODUCT_BUNDLE_IDENTIFIER = com.joasegovia9427.GameStream;
				PRODUCT_NAME = "$(TARGET_NAME)";
				SWIFT_EMIT_LOC_STRINGS = YES;
				SWIFT_VERSION = 5.0;
				TARGETED_DEVICE_FAMILY = "1,2";
			};
			name = Release;
		};
/* End XCBuildConfiguration section */

/* Begin XCConfigurationList section */
		204C016527B5F13D0066CCAF /* Build configuration list for PBXProject "GameStream" */ = {
			isa = XCConfigurationList;
			buildConfigurations = (
				204C017627B5F13D0066CCAF /* Debug */,
				204C017727B5F13D0066CCAF /* Release */,
			);
			defaultConfigurationIsVisible = 0;
			defaultConfigurationName = Release;
		};
		204C017827B5F13D0066CCAF /* Build configuration list for PBXNativeTarget "GameStream" */ = {
			isa = XCConfigurationList;
			buildConfigurations = (
				204C017927B5F13D0066CCAF /* Debug */,
				204C017A27B5F13D0066CCAF /* Release */,
			);
			defaultConfigurationIsVisible = 0;
			defaultConfigurationName = Release;
		};
/* End XCConfigurationList section */

/* Begin XCRemoteSwiftPackageReference section */
		20EBE18227B9C36D000C9CEC /* XCRemoteSwiftPackageReference "Kingfisher" */ = {
			isa = XCRemoteSwiftPackageReference;
			repositoryURL = "https://github.com/onevcat/Kingfisher.git";
			requirement = {
				kind = upToNextMajorVersion;
				minimumVersion = 7.0.0;
			};
		};
/* End XCRemoteSwiftPackageReference section */

/* Begin XCSwiftPackageProductDependency section */
		20EBE18327B9C36D000C9CEC /* Kingfisher */ = {
			isa = XCSwiftPackageProductDependency;
			package = 20EBE18227B9C36D000C9CEC /* XCRemoteSwiftPackageReference "Kingfisher" */;
			productName = Kingfisher;
		};
/* End XCSwiftPackageProductDependency section */
	};
	rootObject = 204C016227B5F13D0066CCAF /* Project object */;
}
